
Microsoft Visual Studio Solution File, Format Version 12.00
# Visual Studio 15
VisualStudioVersion = 15.0.28307.757
MinimumVisualStudioVersion = 10.0.40219.1
Project("{FAE04EC0-301F-11D3-BF4B-00C04F79EFBC}") = "sqlbaglantisi", "sqlbaglantisi\sqlbaglantisi.csproj", "{1D180089-0B96-4162-B8A5-77FDD8E1BDF4}"
EndProject
Global
	GlobalSection(SolutionConfigurationPlatforms) = preSolution
		Debug|Any CPU = Debug|Any CPU
		Release|Any CPU = Release|Any CPU
	EndGlobalSection
	GlobalSection(ProjectConfigurationPlatforms) = postSolution
		{1D180089-0B96-4162-B8A5-77FDD8E1BDF4}.Debug|Any CPU.ActiveCfg = Debug|Any CPU
		{1D180089-0B96-4162-B8A5-77FDD8E1BDF4}.Debug|Any CPU.Build.0 = Debug|Any CPU
		{1D180089-0B96-4162-B8A5-77FDD8E1BDF4}.Release|Any CPU.ActiveCfg = Release|Any CPU
		{1D180089-0B96-4162-B8A5-77FDD8E1BDF4}.Release|Any CPU.Build.0 = Release|Any CPU
	EndGlobalSection
	GlobalSection(SolutionProperties) = preSolution
		HideSolutionNode = FALSE
	EndGlobalSection
	GlobalSection(ExtensibilityGlobals) = postSolution
		SolutionGuid = {802B2E86-145B-41AA-810C-A2E53CBF878F}
	EndGlobalSection
EndGlobal
